
Microsoft Visual Studio Solution File, Format Version 12.00
# Visual Studio Version 16
VisualStudioVersion = 16.0.30711.63
MinimumVisualStudioVersion = 10.0.40219.1
Project("{FAE04EC0-301F-11D3-BF4B-00C04F79EFBC}") = "Social Network", "Social Network.csproj", "{9BD16CAF-9941-40F3-BB6F-C20E4F17B50A}"
EndProject
Global
	GlobalSection(SolutionConfigurationPlatforms) = preSolution
		Debug|Any CPU = Debug|Any CPU
		Release|Any CPU = Release|Any CPU
	EndGlobalSection
	GlobalSection(ProjectConfigurationPlatforms) = postSolution
		{9BD16CAF-9941-40F3-BB6F-C20E4F17B50A}.Debug|Any CPU.ActiveCfg = Debug|Any CPU
		{9BD16CAF-9941-40F3-BB6F-C20E4F17B50A}.Debug|Any CPU.Build.0 = Debug|Any CPU
		{9BD16CAF-9941-40F3-BB6F-C20E4F17B50A}.Release|Any CPU.ActiveCfg = Release|Any CPU
		{9BD16CAF-9941-40F3-BB6F-C20E4F17B50A}.Release|Any CPU.Build.0 = Release|Any CPU
	EndGlobalSection
	GlobalSection(SolutionProperties) = preSolution
		HideSolutionNode = FALSE
	EndGlobalSection
	GlobalSection(ExtensibilityGlobals) = postSolution
		SolutionGuid = {D2EDD8B3-B0AA-4BA3-A224-D0E5139CA7EA}
	EndGlobalSection
EndGlobal
